<Solution>
  <Folder Name="/Plan/">
    <File Path="plan.txt" />
  </Folder>
  <Project Path="ClaimTheSquareBefore/ClaimTheSquareBefore.csproj" />
  <Project Path="ClaimTheSquareAfter/ClaimTheSquareAfter.csproj" />
  <Project Path="ClaimTheSquareAfter.Tests/ClaimTheSquareAfter.Tests.csproj" />
</Solution>
